// !$*UTF8*$!
{
	archiveVersion = 1;
	classes = {
	};
	objectVersion = 56;
	objects = {

/* Begin PBXBuildFile section */
		3474867F29A38EF20042514F /* DataManager.swift in Sources */ = {isa = PBXBuildFile; fileRef = 3474867E29A38EF20042514F /* DataManager.swift */; };
		3474868129A3918E0042514F /* ListView.swift in Sources */ = {isa = PBXBuildFile; fileRef = 3474868029A3918E0042514F /* ListView.swift */; };
		3474868429A3954B0042514F /* FirebaseFirestoreSwift in Frameworks */ = {isa = PBXBuildFile; productRef = 3474868329A3954B0042514F /* FirebaseFirestoreSwift */; };
		3474868629A4621A0042514F /* FirebaseStorage in Frameworks */ = {isa = PBXBuildFile; productRef = 3474868529A4621A0042514F /* FirebaseStorage */; };
		34BF9BB6296704D90097CD46 /* BeFitApp.swift in Sources */ = {isa = PBXBuildFile; fileRef = 34BF9BB5296704D90097CD46 /* BeFitApp.swift */; };
		34BF9BB8296704D90097CD46 /* ContentView.swift in Sources */ = {isa = PBXBuildFile; fileRef = 34BF9BB7296704D90097CD46 /* ContentView.swift */; };
		34BF9BBA296704DA0097CD46 /* Assets.xcassets in Resources */ = {isa = PBXBuildFile; fileRef = 34BF9BB9296704DA0097CD46 /* Assets.xcassets */; };
		34BF9BC8296704DA0097CD46 /* BeFitTests.swift in Sources */ = {isa = PBXBuildFile; fileRef = 34BF9BC7296704DA0097CD46 /* BeFitTests.swift */; };
		34BF9BD2296704DA0097CD46 /* BeFitUITests.swift in Sources */ = {isa = PBXBuildFile; fileRef = 34BF9BD1296704DA0097CD46 /* BeFitUITests.swift */; };
		34BF9BD4296704DA0097CD46 /* BeFitUITestsLaunchTests.swift in Sources */ = {isa = PBXBuildFile; fileRef = 34BF9BD3296704DA0097CD46 /* BeFitUITestsLaunchTests.swift */; };
		34BF9BE6296732500097CD46 /* FirebaseAuth in Frameworks */ = {isa = PBXBuildFile; productRef = 34BF9BE5296732500097CD46 /* FirebaseAuth */; };
		34BF9BE8296732500097CD46 /* FirebaseFirestore in Frameworks */ = {isa = PBXBuildFile; productRef = 34BF9BE7296732500097CD46 /* FirebaseFirestore */; };
		34D271A429B4814F008F4B62 /* ViewB.swift in Sources */ = {isa = PBXBuildFile; fileRef = 34D271A329B4814F008F4B62 /* ViewB.swift */; };
		34D271A629B4815F008F4B62 /* ViewC.swift in Sources */ = {isa = PBXBuildFile; fileRef = 34D271A529B4815F008F4B62 /* ViewC.swift */; };
		34D271A829B48B07008F4B62 /* var.swift in Sources */ = {isa = PBXBuildFile; fileRef = 34D271A729B48B07008F4B62 /* var.swift */; };
		D9DBCE6929B7EE45007A1DB1 /* GoogleService-Info.plist in Resources */ = {isa = PBXBuildFile; fileRef = D9DBCE6829B7EE45007A1DB1 /* GoogleService-Info.plist */; };
		D9DBCE6A29B7EE45007A1DB1 /* GoogleService-Info.plist in Resources */ = {isa = PBXBuildFile; fileRef = D9DBCE6829B7EE45007A1DB1 /* GoogleService-Info.plist */; };
		D9DBCE6B29B7EE45007A1DB1 /* GoogleService-Info.plist in Resources */ = {isa = PBXBuildFile; fileRef = D9DBCE6829B7EE45007A1DB1 /* GoogleService-Info.plist */; };
/* End PBXBuildFile section */

/* Begin PBXContainerItemProxy section */
		34BF9BC4296704DA0097CD46 /* PBXContainerItemProxy */ = {
			isa = PBXContainerItemProxy;
			containerPortal = 34BF9BAA296704D90097CD46 /* Project object */;
			proxyType = 1;
			remoteGlobalIDString = 34BF9BB1296704D90097CD46;
			remoteInfo = BeFit;
		};
		34BF9BCE296704DA0097CD46 /* PBXContainerItemProxy */ = {
			isa = PBXContainerItemProxy;
			containerPortal = 34BF9BAA296704D90097CD46 /* Project object */;
			proxyType = 1;
			remoteGlobalIDString = 34BF9BB1296704D90097CD46;
			remoteInfo = BeFit;
		};
/* End PBXContainerItemProxy section */

/* Begin PBXFileReference section */
		3474867E29A38EF20042514F /* DataManager.swift */ = {isa = PBXFileReference; lastKnownFileType = sourcecode.swift; path = DataManager.swift; sourceTree = "<group>"; };
		3474868029A3918E0042514F /* ListView.swift */ = {isa = PBXFileReference; lastKnownFileType = sourcecode.swift; path = ListView.swift; sourceTree = "<group>"; };
		34BF9BB2296704D90097CD46 /* BeFit.app */ = {isa = PBXFileReference; explicitFileType = wrapper.application; includeInIndex = 0; path = BeFit.app; sourceTree = BUILT_PRODUCTS_DIR; };
		34BF9BB5296704D90097CD46 /* BeFitApp.swift */ = {isa = PBXFileReference; lastKnownFileType = sourcecode.swift; path = BeFitApp.swift; sourceTree = "<group>"; };
		34BF9BB7296704D90097CD46 /* ContentView.swift */ = {isa = PBXFileReference; lastKnownFileType = sourcecode.swift; path = ContentView.swift; sourceTree = "<group>"; };
		34BF9BB9296704DA0097CD46 /* Assets.xcassets */ = {isa = PBXFileReference; lastKnownFileType = folder.assetcatalog; path = Assets.xcassets; sourceTree = "<group>"; };
		34BF9BBB296704DA0097CD46 /* BeFit.entitlements */ = {isa = PBXFileReference; lastKnownFileType = text.plist.entitlements; path = BeFit.entitlements; sourceTree = "<group>"; };
		34BF9BC3296704DA0097CD46 /* BeFitTests.xctest */ = {isa = PBXFileReference; explicitFileType = wrapper.cfbundle; includeInIndex = 0; path = BeFitTests.xctest; sourceTree = BUILT_PRODUCTS_DIR; };
		34BF9BC7296704DA0097CD46 /* BeFitTests.swift */ = {isa = PBXFileReference; lastKnownFileType = sourcecode.swift; path = BeFitTests.swift; sourceTree = "<group>"; };
		34BF9BCD296704DA0097CD46 /* BeFitUITests.xctest */ = {isa = PBXFileReference; explicitFileType = wrapper.cfbundle; includeInIndex = 0; path = BeFitUITests.xctest; sourceTree = BUILT_PRODUCTS_DIR; };
		34BF9BD1296704DA0097CD46 /* BeFitUITests.swift */ = {isa = PBXFileReference; lastKnownFileType = sourcecode.swift; path = BeFitUITests.swift; sourceTree = "<group>"; };
		34BF9BD3296704DA0097CD46 /* BeFitUITestsLaunchTests.swift */ = {isa = PBXFileReference; lastKnownFileType = sourcecode.swift; path = BeFitUITestsLaunchTests.swift; sourceTree = "<group>"; };
		34D271A329B4814F008F4B62 /* ViewB.swift */ = {isa = PBXFileReference; lastKnownFileType = sourcecode.swift; path = ViewB.swift; sourceTree = "<group>"; };
		34D271A529B4815F008F4B62 /* ViewC.swift */ = {isa = PBXFileReference; lastKnownFileType = sourcecode.swift; path = ViewC.swift; sourceTree = "<group>"; };
		34D271A729B48B07008F4B62 /* var.swift */ = {isa = PBXFileReference; lastKnownFileType = sourcecode.swift; path = var.swift; sourceTree = "<group>"; };
		D9DBCE6829B7EE45007A1DB1 /* GoogleService-Info.plist */ = {isa = PBXFileReference; fileEncoding = 4; lastKnownFileType = text.plist.xml; path = "GoogleService-Info.plist"; sourceTree = "<group>"; };
/* End PBXFileReference section */

/* Begin PBXFrameworksBuildPhase section */
		34BF9BAF296704D90097CD46 /* Frameworks */ = {
			isa = PBXFrameworksBuildPhase;
			buildActionMask = 2147483647;
			files = (
				34BF9BE6296732500097CD46 /* FirebaseAuth in Frameworks */,
				3474868629A4621A0042514F /* FirebaseStorage in Frameworks */,
				34BF9BE8296732500097CD46 /* FirebaseFirestore in Frameworks */,
				3474868429A3954B0042514F /* FirebaseFirestoreSwift in Frameworks */,
			);
			runOnlyForDeploymentPostprocessing = 0;
		};
		34BF9BC0296704DA0097CD46 /* Frameworks */ = {
			isa = PBXFrameworksBuildPhase;
			buildActionMask = 2147483647;
			files = (
			);
			runOnlyForDeploymentPostprocessing = 0;
		};
		34BF9BCA296704DA0097CD46 /* Frameworks */ = {
			isa = PBXFrameworksBuildPhase;
			buildActionMask = 2147483647;
			files = (
			);
			runOnlyForDeploymentPostprocessing = 0;
		};
/* End PBXFrameworksBuildPhase section */

/* Begin PBXGroup section */
		3474868229A3954B0042514F /* Frameworks */ = {
			isa = PBXGroup;
			children = (
			);
			name = Frameworks;
			sourceTree = "<group>";
		};
		34BF9BA9296704D90097CD46 = {
			isa = PBXGroup;
			children = (
				34BF9BB4296704D90097CD46 /* BeFit */,
				34BF9BC6296704DA0097CD46 /* BeFitTests */,
				34BF9BD0296704DA0097CD46 /* BeFitUITests */,
				34BF9BB3296704D90097CD46 /* Products */,
				3474868229A3954B0042514F /* Frameworks */,
			);
			sourceTree = "<group>";
		};
		34BF9BB3296704D90097CD46 /* Products */ = {
			isa = PBXGroup;
			children = (
				34BF9BB2296704D90097CD46 /* BeFit.app */,
				34BF9BC3296704DA0097CD46 /* BeFitTests.xctest */,
				34BF9BCD296704DA0097CD46 /* BeFitUITests.xctest */,
			);
			name = Products;
			sourceTree = "<group>";
		};
		34BF9BB4296704D90097CD46 /* BeFit */ = {
			isa = PBXGroup;
			children = (
				D9DBCE6829B7EE45007A1DB1 /* GoogleService-Info.plist */,
				34BF9BB5296704D90097CD46 /* BeFitApp.swift */,
				34BF9BB7296704D90097CD46 /* ContentView.swift */,
				34BF9BB9296704DA0097CD46 /* Assets.xcassets */,
				34BF9BBB296704DA0097CD46 /* BeFit.entitlements */,
				3474867E29A38EF20042514F /* DataManager.swift */,
				3474868029A3918E0042514F /* ListView.swift */,
				34D271A329B4814F008F4B62 /* ViewB.swift */,
				34D271A529B4815F008F4B62 /* ViewC.swift */,
				34D271A729B48B07008F4B62 /* var.swift */,
			);
			path = BeFit;
			sourceTree = "<group>";
		};
		34BF9BC6296704DA0097CD46 /* BeFitTests */ = {
			isa = PBXGroup;
			children = (
				34BF9BC7296704DA0097CD46 /* BeFitTests.swift */,
			);
			path = BeFitTests;
			sourceTree = "<group>";
		};
		34BF9BD0296704DA0097CD46 /* BeFitUITests */ = {
			isa = PBXGroup;
			children = (
				34BF9BD1296704DA0097CD46 /* BeFitUITests.swift */,
				34BF9BD3296704DA0097CD46 /* BeFitUITestsLaunchTests.swift */,
			);
			path = BeFitUITests;
			sourceTree = "<group>";
		};
/* End PBXGroup section */

/* Begin PBXNativeTarget section */
		34BF9BB1296704D90097CD46 /* BeFit */ = {
			isa = PBXNativeTarget;
			buildConfigurationList = 34BF9BD7296704DA0097CD46 /* Build configuration list for PBXNativeTarget "BeFit" */;
			buildPhases = (
				34BF9BAE296704D90097CD46 /* Sources */,
				34BF9BAF296704D90097CD46 /* Frameworks */,
				34BF9BB0296704D90097CD46 /* Resources */,
			);
			buildRules = (
			);
			dependencies = (
			);
			name = BeFit;
			packageProductDependencies = (
				34BF9BE5296732500097CD46 /* FirebaseAuth */,
				34BF9BE7296732500097CD46 /* FirebaseFirestore */,
				3474868329A3954B0042514F /* FirebaseFirestoreSwift */,
				3474868529A4621A0042514F /* FirebaseStorage */,
			);
			productName = BeFit;
			productReference = 34BF9BB2296704D90097CD46 /* BeFit.app */;
			productType = "com.apple.product-type.application";
		};
		34BF9BC2296704DA0097CD46 /* BeFitTests */ = {
			isa = PBXNativeTarget;
			buildConfigurationList = 34BF9BDA296704DA0097CD46 /* Build configuration list for PBXNativeTarget "BeFitTests" */;
			buildPhases = (
				34BF9BBF296704DA0097CD46 /* Sources */,
				34BF9BC0296704DA0097CD46 /* Frameworks */,
				34BF9BC1296704DA0097CD46 /* Resources */,
			);
			buildRules = (
			);
			dependencies = (
				34BF9BC5296704DA0097CD46 /* PBXTargetDependency */,
			);
			name = BeFitTests;
			productName = BeFitTests;
			productReference = 34BF9BC3296704DA0097CD46 /* BeFitTests.xctest */;
			productType = "com.apple.product-type.bundle.unit-test";
		};
		34BF9BCC296704DA0097CD46 /* BeFitUITests */ = {
			isa = PBXNativeTarget;
			buildConfigurationList = 34BF9BDD296704DA0097CD46 /* Build configuration list for PBXNativeTarget "BeFitUITests" */;
			buildPhases = (
				34BF9BC9296704DA0097CD46 /* Sources */,
				34BF9BCA296704DA0097CD46 /* Frameworks */,
				34BF9BCB296704DA0097CD46 /* Resources */,
			);
			buildRules = (
			);
			dependencies = (
				34BF9BCF296704DA0097CD46 /* PBXTargetDependency */,
			);
			name = BeFitUITests;
			productName = BeFitUITests;
			productReference = 34BF9BCD296704DA0097CD46 /* BeFitUITests.xctest */;
			productType = "com.apple.product-type.bundle.ui-testing";
		};
/* End PBXNativeTarget section */

/* Begin PBXProject section */
		34BF9BAA296704D90097CD46 /* Project object */ = {
			isa = PBXProject;
			attributes = {
				BuildIndependentTargetsInParallel = 1;
				LastSwiftUpdateCheck = 1420;
				LastUpgradeCheck = 1420;
				TargetAttributes = {
					34BF9BB1296704D90097CD46 = {
						CreatedOnToolsVersion = 14.2;
					};
					34BF9BC2296704DA0097CD46 = {
						CreatedOnToolsVersion = 14.2;
						TestTargetID = 34BF9BB1296704D90097CD46;
					};
					34BF9BCC296704DA0097CD46 = {
						CreatedOnToolsVersion = 14.2;
						TestTargetID = 34BF9BB1296704D90097CD46;
					};
				};
			};
			buildConfigurationList = 34BF9BAD296704D90097CD46 /* Build configuration list for PBXProject "BeFit" */;
			compatibilityVersion = "Xcode 14.0";
			developmentRegion = en;
			hasScannedForEncodings = 0;
			knownRegions = (
				en,
				Base,
			);
			mainGroup = 34BF9BA9296704D90097CD46;
			packageReferences = (
				34BF9BE4296732500097CD46 /* XCRemoteSwiftPackageReference "firebase-ios-sdk" */,
			);
			productRefGroup = 34BF9BB3296704D90097CD46 /* Products */;
			projectDirPath = "";
			projectRoot = "";
			targets = (
				34BF9BB1296704D90097CD46 /* BeFit */,
				34BF9BC2296704DA0097CD46 /* BeFitTests */,
				34BF9BCC296704DA0097CD46 /* BeFitUITests */,
			);
		};
/* End PBXProject section */

/* Begin PBXResourcesBuildPhase section */
		34BF9BB0296704D90097CD46 /* Resources */ = {
			isa = PBXResourcesBuildPhase;
			buildActionMask = 2147483647;
			files = (
				34BF9BBA296704DA0097CD46 /* Assets.xcassets in Resources */,
				D9DBCE6929B7EE45007A1DB1 /* GoogleService-Info.plist in Resources */,
			);
			runOnlyForDeploymentPostprocessing = 0;
		};
		34BF9BC1296704DA0097CD46 /* Resources */ = {
			isa = PBXResourcesBuildPhase;
			buildActionMask = 2147483647;
			files = (
				D9DBCE6A29B7EE45007A1DB1 /* GoogleService-Info.plist in Resources */,
			);
			runOnlyForDeploymentPostprocessing = 0;
		};
		34BF9BCB296704DA0097CD46 /* Resources */ = {
			isa = PBXResourcesBuildPhase;
			buildActionMask = 2147483647;
			files = (
				D9DBCE6B29B7EE45007A1DB1 /* GoogleService-Info.plist in Resources */,
			);
			runOnlyForDeploymentPostprocessing = 0;
		};
/* End PBXResourcesBuildPhase section */

/* Begin PBXSourcesBuildPhase section */
		34BF9BAE296704D90097CD46 /* Sources */ = {
			isa = PBXSourcesBuildPhase;
			buildActionMask = 2147483647;
			files = (
				34BF9BB8296704D90097CD46 /* ContentView.swift in Sources */,
				34D271A429B4814F008F4B62 /* ViewB.swift in Sources */,
				3474867F29A38EF20042514F /* DataManager.swift in Sources */,
				3474868129A3918E0042514F /* ListView.swift in Sources */,
				34BF9BB6296704D90097CD46 /* BeFitApp.swift in Sources */,
				34D271A829B48B07008F4B62 /* var.swift in Sources */,
				34D271A629B4815F008F4B62 /* ViewC.swift in Sources */,
			);
			runOnlyForDeploymentPostprocessing = 0;
		};
		34BF9BBF296704DA0097CD46 /* Sources */ = {
			isa = PBXSourcesBuildPhase;
			buildActionMask = 2147483647;
			files = (
				34BF9BC8296704DA0097CD46 /* BeFitTests.swift in Sources */,
			);
			runOnlyForDeploymentPostprocessing = 0;
		};
		34BF9BC9296704DA0097CD46 /* Sources */ = {
			isa = PBXSourcesBuildPhase;
			buildActionMask = 2147483647;
			files = (
				34BF9BD2296704DA0097CD46 /* BeFitUITests.swift in Sources */,
				34BF9BD4296704DA0097CD46 /* BeFitUITestsLaunchTests.swift in Sources */,
			);
			runOnlyForDeploymentPostprocessing = 0;
		};
/* End PBXSourcesBuildPhase section */

/* Begin PBXTargetDependency section */
		34BF9BC5296704DA0097CD46 /* PBXTargetDependency */ = {
			isa = PBXTargetDependency;
			target = 34BF9BB1296704D90097CD46 /* BeFit */;
			targetProxy = 34BF9BC4296704DA0097CD46 /* PBXContainerItemProxy */;
		};
		34BF9BCF296704DA0097CD46 /* PBXTargetDependency */ = {
			isa = PBXTargetDependency;
			target = 34BF9BB1296704D90097CD46 /* BeFit */;
			targetProxy = 34BF9BCE296704DA0097CD46 /* PBXContainerItemProxy */;
		};
/* End PBXTargetDependency section */

/* Begin XCBuildConfiguration section */
		34BF9BD5296704DA0097CD46 /* Debug */ = {
			isa = XCBuildConfiguration;
			buildSettings = {
				ALWAYS_SEARCH_USER_PATHS = NO;
				CLANG_ANALYZER_NONNULL = YES;
				CLANG_ANALYZER_NUMBER_OBJECT_CONVERSION = YES_AGGRESSIVE;
				CLANG_CXX_LANGUAGE_STANDARD = "gnu++20";
				CLANG_ENABLE_MODULES = YES;
				CLANG_ENABLE_OBJC_ARC = YES;
				CLANG_ENABLE_OBJC_WEAK = YES;
				CLANG_WARN_BLOCK_CAPTURE_AUTORELEASING = YES;
				CLANG_WARN_BOOL_CONVERSION = YES;
				CLANG_WARN_COMMA = YES;
				CLANG_WARN_CONSTANT_CONVERSION = YES;
				CLANG_WARN_DEPRECATED_OBJC_IMPLEMENTATIONS = YES;
				CLANG_WARN_DIRECT_OBJC_ISA_USAGE = YES_ERROR;
				CLANG_WARN_DOCUMENTATION_COMMENTS = YES;
				CLANG_WARN_EMPTY_BODY = YES;
				CLANG_WARN_ENUM_CONVERSION = YES;
				CLANG_WARN_INFINITE_RECURSION = YES;
				CLANG_WARN_INT_CONVERSION = YES;
				CLANG_WARN_NON_LITERAL_NULL_CONVERSION = YES;
				CLANG_WARN_OBJC_IMPLICIT_RETAIN_SELF = YES;
				CLANG_WARN_OBJC_LITERAL_CONVERSION = YES;
				CLANG_WARN_OBJC_ROOT_CLASS = YES_ERROR;
				CLANG_WARN_QUOTED_INCLUDE_IN_FRAMEWORK_HEADER = YES;
				CLANG_WARN_RANGE_LOOP_ANALYSIS = YES;
				CLANG_WARN_STRICT_PROTOTYPES = YES;
				CLANG_WARN_SUSPICIOUS_MOVE = YES;
				CLANG_WARN_UNGUARDED_AVAILABILITY = YES_AGGRESSIVE;
				CLANG_WARN_UNREACHABLE_CODE = YES;
				CLANG_WARN__DUPLICATE_METHOD_MATCH = YES;
				COPY_PHASE_STRIP = NO;
				DEBUG_INFORMATION_FORMAT = dwarf;
				ENABLE_STRICT_OBJC_MSGSEND = YES;
				ENABLE_TESTABILITY = YES;
				GCC_C_LANGUAGE_STANDARD = gnu11;
				GCC_DYNAMIC_NO_PIC = NO;
				GCC_NO_COMMON_BLOCKS = YES;
				GCC_OPTIMIZATION_LEVEL = 0;
				GCC_PREPROCESSOR_DEFINITIONS = (
					"DEBUG=1",
					"$(inherited)",
				);
				GCC_WARN_64_TO_32_BIT_CONVERSION = YES;
				GCC_WARN_ABOUT_RETURN_TYPE = YES_ERROR;
				GCC_WARN_UNDECLARED_SELECTOR = YES;
				GCC_WARN_UNINITIALIZED_AUTOS = YES_AGGRESSIVE;
				GCC_WARN_UNUSED_FUNCTION = YES;
				GCC_WARN_UNUSED_VARIABLE = YES;
				MTL_ENABLE_DEBUG_INFO = INCLUDE_SOURCE;
				MTL_FAST_MATH = YES;
				ONLY_ACTIVE_ARCH = YES;
				SWIFT_ACTIVE_COMPILATION_CONDITIONS = DEBUG;
				SWIFT_OPTIMIZATION_LEVEL = "-Onone";
			};
			name = Debug;
		};
		34BF9BD6296704DA0097CD46 /* Release */ = {
			isa = XCBuildConfiguration;
			buildSettings = {
				ALWAYS_SEARCH_USER_PATHS = NO;
				CLANG_ANALYZER_NONNULL = YES;
				CLANG_ANALYZER_NUMBER_OBJECT_CONVERSION = YES_AGGRESSIVE;
				CLANG_CXX_LANGUAGE_STANDARD = "gnu++20";
				CLANG_ENABLE_MODULES = YES;
				CLANG_ENABLE_OBJC_ARC = YES;
				CLANG_ENABLE_OBJC_WEAK = YES;
				CLANG_WARN_BLOCK_CAPTURE_AUTORELEASING = YES;
				CLANG_WARN_BOOL_CONVERSION = YES;
				CLANG_WARN_COMMA = YES;
				CLANG_WARN_CONSTANT_CONVERSION = YES;
				CLANG_WARN_DEPRECATED_OBJC_IMPLEMENTATIONS = YES;
				CLANG_WARN_DIRECT_OBJC_ISA_USAGE = YES_ERROR;
				CLANG_WARN_DOCUMENTATION_COMMENTS = YES;
				CLANG_WARN_EMPTY_BODY = YES;
				CLANG_WARN_ENUM_CONVERSION = YES;
				CLANG_WARN_INFINITE_RECURSION = YES;
				CLANG_WARN_INT_CONVERSION = YES;
				CLANG_WARN_NON_LITERAL_NULL_CONVERSION = YES;
				CLANG_WARN_OBJC_IMPLICIT_RETAIN_SELF = YES;
				CLANG_WARN_OBJC_LITERAL_CONVERSION = YES;
				CLANG_WARN_OBJC_ROOT_CLASS = YES_ERROR;
				CLANG_WARN_QUOTED_INCLUDE_IN_FRAMEWORK_HEADER = YES;
				CLANG_WARN_RANGE_LOOP_ANALYSIS = YES;
				CLANG_WARN_STRICT_PROTOTYPES = YES;
				CLANG_WARN_SUSPICIOUS_MOVE = YES;
				CLANG_WARN_UNGUARDED_AVAILABILITY = YES_AGGRESSIVE;
				CLANG_WARN_UNREACHABLE_CODE = YES;
				CLANG_WARN__DUPLICATE_METHOD_MATCH = YES;
				COPY_PHASE_STRIP = NO;
				DEBUG_INFORMATION_FORMAT = "dwarf-with-dsym";
				ENABLE_NS_ASSERTIONS = NO;
				ENABLE_STRICT_OBJC_MSGSEND = YES;
				GCC_C_LANGUAGE_STANDARD = gnu11;
				GCC_NO_COMMON_BLOCKS = YES;
				GCC_WARN_64_TO_32_BIT_CONVERSION = YES;
				GCC_WARN_ABOUT_RETURN_TYPE = YES_ERROR;
				GCC_WARN_UNDECLARED_SELECTOR = YES;
				GCC_WARN_UNINITIALIZED_AUTOS = YES_AGGRESSIVE;
				GCC_WARN_UNUSED_FUNCTION = YES;
				GCC_WARN_UNUSED_VARIABLE = YES;
				MTL_ENABLE_DEBUG_INFO = NO;
				MTL_FAST_MATH = YES;
				SWIFT_COMPILATION_MODE = wholemodule;
				SWIFT_OPTIMIZATION_LEVEL = "-O";
			};
			name = Release;
		};
		34BF9BD8296704DA0097CD46 /* Debug */ = {
			isa = XCBuildConfiguration;
			buildSettings = {
				ASSETCATALOG_COMPILER_APPICON_NAME = AppIcon;
				ASSETCATALOG_COMPILER_GLOBAL_ACCENT_COLOR_NAME = AccentColor;
				CODE_SIGN_ENTITLEMENTS = BeFit/BeFit.entitlements;
				CODE_SIGN_STYLE = Automatic;
				CURRENT_PROJECT_VERSION = 1;
				DEVELOPMENT_ASSET_PATHS = "\"BeFit/Preview Content\"";
				DEVELOPMENT_TEAM = PXRQXW2P3Y;
				ENABLE_HARDENED_RUNTIME = YES;
				ENABLE_PREVIEWS = YES;
				GENERATE_INFOPLIST_FILE = YES;
				"INFOPLIST_KEY_UIApplicationSceneManifest_Generation[sdk=iphoneos*]" = YES;
				"INFOPLIST_KEY_UIApplicationSceneManifest_Generation[sdk=iphonesimulator*]" = YES;
				"INFOPLIST_KEY_UIApplicationSupportsIndirectInputEvents[sdk=iphoneos*]" = YES;
				"INFOPLIST_KEY_UIApplicationSupportsIndirectInputEvents[sdk=iphonesimulator*]" = YES;
				"INFOPLIST_KEY_UILaunchScreen_Generation[sdk=iphoneos*]" = YES;
				"INFOPLIST_KEY_UILaunchScreen_Generation[sdk=iphonesimulator*]" = YES;
				"INFOPLIST_KEY_UIStatusBarStyle[sdk=iphoneos*]" = UIStatusBarStyleDefault;
				"INFOPLIST_KEY_UIStatusBarStyle[sdk=iphonesimulator*]" = UIStatusBarStyleDefault;
				INFOPLIST_KEY_UISupportedInterfaceOrientations_iPad = "UIInterfaceOrientationPortrait UIInterfaceOrientationPortraitUpsideDown UIInterfaceOrientationLandscapeLeft UIInterfaceOrientationLandscapeRight";
				INFOPLIST_KEY_UISupportedInterfaceOrientations_iPhone = "UIInterfaceOrientationPortrait UIInterfaceOrientationLandscapeLeft UIInterfaceOrientationLandscapeRight";
				IPHONEOS_DEPLOYMENT_TARGET = 16.2;
				LD_RUNPATH_SEARCH_PATHS = "@executable_path/Frameworks";
				"LD_RUNPATH_SEARCH_PATHS[sdk=macosx*]" = "@executable_path/../Frameworks";
				MACOSX_DEPLOYMENT_TARGET = 13.1;
				MARKETING_VERSION = 1.0;
				PRODUCT_BUNDLE_IDENTIFIER = shauryagupta.BeFit;
				PRODUCT_NAME = "$(TARGET_NAME)";
				SDKROOT = auto;
				SUPPORTED_PLATFORMS = "iphoneos iphonesimulator macosx";
				SWIFT_EMIT_LOC_STRINGS = YES;
				SWIFT_VERSION = 5.0;
				TARGETED_DEVICE_FAMILY = "1,2";
			};
			name = Debug;
		};
		34BF9BD9296704DA0097CD46 /* Release */ = {
			isa = XCBuildConfiguration;
			buildSettings = {
				ASSETCATALOG_COMPILER_APPICON_NAME = AppIcon;
				ASSETCATALOG_COMPILER_GLOBAL_ACCENT_COLOR_NAME = AccentColor;
				CODE_SIGN_ENTITLEMENTS = BeFit/BeFit.entitlements;
				CODE_SIGN_STYLE = Automatic;
				CURRENT_PROJECT_VERSION = 1;
				DEVELOPMENT_ASSET_PATHS = "\"BeFit/Preview Content\"";
				DEVELOPMENT_TEAM = PXRQXW2P3Y;
				ENABLE_HARDENED_RUNTIME = YES;
				ENABLE_PREVIEWS = YES;
				GENERATE_INFOPLIST_FILE = YES;
				"INFOPLIST_KEY_UIApplicationSceneManifest_Generation[sdk=iphoneos*]" = YES;
				"INFOPLIST_KEY_UIApplicationSceneManifest_Generation[sdk=iphonesimulator*]" = YES;
				"INFOPLIST_KEY_UIApplicationSupportsIndirectInputEvents[sdk=iphoneos*]" = YES;
				"INFOPLIST_KEY_UIApplicationSupportsIndirectInputEvents[sdk=iphonesimulator*]" = YES;
				"INFOPLIST_KEY_UILaunchScreen_Generation[sdk=iphoneos*]" = YES;
				"INFOPLIST_KEY_UILaunchScreen_Generation[sdk=iphonesimulator*]" = YES;
				"INFOPLIST_KEY_UIStatusBarStyle[sdk=iphoneos*]" = UIStatusBarStyleDefault;
				"INFOPLIST_KEY_UIStatusBarStyle[sdk=iphonesimulator*]" = UIStatusBarStyleDefault;
				INFOPLIST_KEY_UISupportedInterfaceOrientations_iPad = "UIInterfaceOrientationPortrait UIInterfaceOrientationPortraitUpsideDown UIInterfaceOrientationLandscapeLeft UIInterfaceOrientationLandscapeRight";
				INFOPLIST_KEY_UISupportedInterfaceOrientations_iPhone = "UIInterfaceOrientationPortrait UIInterfaceOrientationLandscapeLeft UIInterfaceOrientationLandscapeRight";
				IPHONEOS_DEPLOYMENT_TARGET = 16.2;
				LD_RUNPATH_SEARCH_PATHS = "@executable_path/Frameworks";
				"LD_RUNPATH_SEARCH_PATHS[sdk=macosx*]" = "@executable_path/../Frameworks";
				MACOSX_DEPLOYMENT_TARGET = 13.1;
				MARKETING_VERSION = 1.0;
				PRODUCT_BUNDLE_IDENTIFIER = shauryagupta.BeFit;
				PRODUCT_NAME = "$(TARGET_NAME)";
				SDKROOT = auto;
				SUPPORTED_PLATFORMS = "iphoneos iphonesimulator macosx";
				SWIFT_EMIT_LOC_STRINGS = YES;
				SWIFT_VERSION = 5.0;
				TARGETED_DEVICE_FAMILY = "1,2";
			};
			name = Release;
		};
		34BF9BDB296704DA0097CD46 /* Debug */ = {
			isa = XCBuildConfiguration;
			buildSettings = {
				ALWAYS_EMBED_SWIFT_STANDARD_LIBRARIES = YES;
				BUNDLE_LOADER = "$(TEST_HOST)";
				CODE_SIGN_STYLE = Automatic;
				CURRENT_PROJECT_VERSION = 1;
				DEVELOPMENT_TEAM = PXRQXW2P3Y;
				GENERATE_INFOPLIST_FILE = YES;
				IPHONEOS_DEPLOYMENT_TARGET = 16.2;
				MACOSX_DEPLOYMENT_TARGET = 13.1;
				MARKETING_VERSION = 1.0;
				PRODUCT_BUNDLE_IDENTIFIER = SahibAnand.BeFitTests;
				PRODUCT_NAME = "$(TARGET_NAME)";
				SDKROOT = auto;
				SUPPORTED_PLATFORMS = "iphoneos iphonesimulator macosx";
				SWIFT_EMIT_LOC_STRINGS = NO;
				SWIFT_VERSION = 5.0;
				TARGETED_DEVICE_FAMILY = "1,2";
				TEST_HOST = "$(BUILT_PRODUCTS_DIR)/BeFit.app/$(BUNDLE_EXECUTABLE_FOLDER_PATH)/BeFit";
			};
			name = Debug;
		};
		34BF9BDC296704DA0097CD46 /* Release */ = {
			isa = XCBuildConfiguration;
			buildSettings = {
				ALWAYS_EMBED_SWIFT_STANDARD_LIBRARIES = YES;
				BUNDLE_LOADER = "$(TEST_HOST)";
				CODE_SIGN_STYLE = Automatic;
				CURRENT_PROJECT_VERSION = 1;
				DEVELOPMENT_TEAM = PXRQXW2P3Y;
				GENERATE_INFOPLIST_FILE = YES;
				IPHONEOS_DEPLOYMENT_TARGET = 16.2;
				MACOSX_DEPLOYMENT_TARGET = 13.1;
				MARKETING_VERSION = 1.0;
				PRODUCT_BUNDLE_IDENTIFIER = SahibAnand.BeFitTests;
				PRODUCT_NAME = "$(TARGET_NAME)";
				SDKROOT = auto;
				SUPPORTED_PLATFORMS = "iphoneos iphonesimulator macosx";
				SWIFT_EMIT_LOC_STRINGS = NO;
				SWIFT_VERSION = 5.0;
				TARGETED_DEVICE_FAMILY = "1,2";
				TEST_HOST = "$(BUILT_PRODUCTS_DIR)/BeFit.app/$(BUNDLE_EXECUTABLE_FOLDER_PATH)/BeFit";
			};
			name = Release;
		};
		34BF9BDE296704DA0097CD46 /* Debug */ = {
			isa = XCBuildConfiguration;
			buildSettings = {
				ALWAYS_EMBED_SWIFT_STANDARD_LIBRARIES = YES;
				CODE_SIGN_STYLE = Automatic;
				CURRENT_PROJECT_VERSION = 1;
				DEVELOPMENT_TEAM = PXRQXW2P3Y;
				GENERATE_INFOPLIST_FILE = YES;
				IPHONEOS_DEPLOYMENT_TARGET = 16.2;
				MACOSX_DEPLOYMENT_TARGET = 13.1;
				MARKETING_VERSION = 1.0;
				PRODUCT_BUNDLE_IDENTIFIER = SahibAnand.BeFitUITests;
				PRODUCT_NAME = "$(TARGET_NAME)";
				SDKROOT = auto;
				SUPPORTED_PLATFORMS = "iphoneos iphonesimulator macosx";
				SWIFT_EMIT_LOC_STRINGS = NO;
				SWIFT_VERSION = 5.0;
				TARGETED_DEVICE_FAMILY = "1,2";
				TEST_TARGET_NAME = BeFit;
			};
			name = Debug;
		};
		34BF9BDF296704DA0097CD46 /* Release */ = {
			isa = XCBuildConfiguration;
			buildSettings = {
				ALWAYS_EMBED_SWIFT_STANDARD_LIBRARIES = YES;
				CODE_SIGN_STYLE = Automatic;
				CURRENT_PROJECT_VERSION = 1;
				DEVELOPMENT_TEAM = PXRQXW2P3Y;
				GENERATE_INFOPLIST_FILE = YES;
				IPHONEOS_DEPLOYMENT_TARGET = 16.2;
				MACOSX_DEPLOYMENT_TARGET = 13.1;
				MARKETING_VERSION = 1.0;
				PRODUCT_BUNDLE_IDENTIFIER = SahibAnand.BeFitUITests;
				PRODUCT_NAME = "$(TARGET_NAME)";
				SDKROOT = auto;
				SUPPORTED_PLATFORMS = "iphoneos iphonesimulator macosx";
				SWIFT_EMIT_LOC_STRINGS = NO;
				SWIFT_VERSION = 5.0;
				TARGETED_DEVICE_FAMILY = "1,2";
				TEST_TARGET_NAME = BeFit;
			};
			name = Release;
		};
/* End XCBuildConfiguration section */

/* Begin XCConfigurationList section */
		34BF9BAD296704D90097CD46 /* Build configuration list for PBXProject "BeFit" */ = {
			isa = XCConfigurationList;
			buildConfigurations = (
				34BF9BD5296704DA0097CD46 /* Debug */,
				34BF9BD6296704DA0097CD46 /* Release */,
			);
			defaultConfigurationIsVisible = 0;
			defaultConfigurationName = Release;
		};
		34BF9BD7296704DA0097CD46 /* Build configuration list for PBXNativeTarget "BeFit" */ = {
			isa = XCConfigurationList;
			buildConfigurations = (
				34BF9BD8296704DA0097CD46 /* Debug */,
				34BF9BD9296704DA0097CD46 /* Release */,
			);
			defaultConfigurationIsVisible = 0;
			defaultConfigurationName = Release;
		};
		34BF9BDA296704DA0097CD46 /* Build configuration list for PBXNativeTarget "BeFitTests" */ = {
			isa = XCConfigurationList;
			buildConfigurations = (
				34BF9BDB296704DA0097CD46 /* Debug */,
				34BF9BDC296704DA0097CD46 /* Release */,
			);
			defaultConfigurationIsVisible = 0;
			defaultConfigurationName = Release;
		};
		34BF9BDD296704DA0097CD46 /* Build configuration list for PBXNativeTarget "BeFitUITests" */ = {
			isa = XCConfigurationList;
			buildConfigurations = (
				34BF9BDE296704DA0097CD46 /* Debug */,
				34BF9BDF296704DA0097CD46 /* Release */,
			);
			defaultConfigurationIsVisible = 0;
			defaultConfigurationName = Release;
		};
/* End XCConfigurationList section */

/* Begin XCRemoteSwiftPackageReference section */
		34BF9BE4296732500097CD46 /* XCRemoteSwiftPackageReference "firebase-ios-sdk" */ = {
			isa = XCRemoteSwiftPackageReference;
			repositoryURL = "https://github.com/firebase/firebase-ios-sdk.git";
			requirement = {
				kind = upToNextMajorVersion;
				minimumVersion = 9.0.0;
			};
		};
/* End XCRemoteSwiftPackageReference section */

/* Begin XCSwiftPackageProductDependency section */
		3474868329A3954B0042514F /* FirebaseFirestoreSwift */ = {
			isa = XCSwiftPackageProductDependency;
			package = 34BF9BE4296732500097CD46 /* XCRemoteSwiftPackageReference "firebase-ios-sdk" */;
			productName = FirebaseFirestoreSwift;
		};
		3474868529A4621A0042514F /* FirebaseStorage */ = {
			isa = XCSwiftPackageProductDependency;
			package = 34BF9BE4296732500097CD46 /* XCRemoteSwiftPackageReference "firebase-ios-sdk" */;
			productName = FirebaseStorage;
		};
		34BF9BE5296732500097CD46 /* FirebaseAuth */ = {
			isa = XCSwiftPackageProductDependency;
			package = 34BF9BE4296732500097CD46 /* XCRemoteSwiftPackageReference "firebase-ios-sdk" */;
			productName = FirebaseAuth;
		};
		34BF9BE7296732500097CD46 /* FirebaseFirestore */ = {
			isa = XCSwiftPackageProductDependency;
			package = 34BF9BE4296732500097CD46 /* XCRemoteSwiftPackageReference "firebase-ios-sdk" */;
			productName = FirebaseFirestore;
		};
/* End XCSwiftPackageProductDependency section */
	};
	rootObject = 34BF9BAA296704D90097CD46 /* Project object */;
}
